
Microsoft Visual Studio Solution File, Format Version 12.00
# Visual Studio Version 17
VisualStudioVersion = 17.5.33530.505
MinimumVisualStudioVersion = 10.0.40219.1
Project("{FAE04EC0-301F-11D3-BF4B-00C04F79EFBC}") = "Doris", "Doris\Doris.csproj", "{A33B7F26-07C0-4336-B91D-34650F65C47A}"
EndProject
Global
	GlobalSection(SolutionConfigurationPlatforms) = preSolution
		Debug|Any CPU = Debug|Any CPU
		Release|Any CPU = Release|Any CPU
	EndGlobalSection
	GlobalSection(ProjectConfigurationPlatforms) = postSolution
		{A33B7F26-07C0-4336-B91D-34650F65C47A}.Debug|Any CPU.ActiveCfg = Debug|Any CPU
		{A33B7F26-07C0-4336-B91D-34650F65C47A}.Debug|Any CPU.Build.0 = Debug|Any CPU
		{A33B7F26-07C0-4336-B91D-34650F65C47A}.Release|Any CPU.ActiveCfg = Release|Any CPU
		{A33B7F26-07C0-4336-B91D-34650F65C47A}.Release|Any CPU.Build.0 = Release|Any CPU
	EndGlobalSection
	GlobalSection(SolutionProperties) = preSolution
		HideSolutionNode = FALSE
	EndGlobalSection
	GlobalSection(ExtensibilityGlobals) = postSolution
		SolutionGuid = {530768F6-DFF7-48DE-A3EB-945777B1B4BD}
	EndGlobalSection
EndGlobal
